
Microsoft Visual Studio Solution File, Format Version 12.00
# Visual Studio 2012
Project("{FAE04EC0-301F-11D3-BF4B-00C04F79EFBC}") = "Munchkin", "Munchkin\Munchkin.csproj", "{23D5CC45-EE39-4658-8F94-E625E2F57F82}"
EndProject
Project("{FAE04EC0-301F-11D3-BF4B-00C04F79EFBC}") = "Munchkin.Tests", "Munchkin.Tests\Munchkin.Tests.csproj", "{0FDE49D4-1311-4443-8581-DF11D1711F40}"
EndProject
Global
	GlobalSection(SolutionConfigurationPlatforms) = preSolution
		Debug|Any CPU = Debug|Any CPU
		Release|Any CPU = Release|Any CPU
	EndGlobalSection
	GlobalSection(ProjectConfigurationPlatforms) = postSolution
		{23D5CC45-EE39-4658-8F94-E625E2F57F82}.Debug|Any CPU.ActiveCfg = Debug|Any CPU
		{23D5CC45-EE39-4658-8F94-E625E2F57F82}.Debug|Any CPU.Build.0 = Debug|Any CPU
		{23D5CC45-EE39-4658-8F94-E625E2F57F82}.Release|Any CPU.ActiveCfg = Release|Any CPU
		{23D5CC45-EE39-4658-8F94-E625E2F57F82}.Release|Any CPU.Build.0 = Release|Any CPU
		{0FDE49D4-1311-4443-8581-DF11D1711F40}.Debug|Any CPU.ActiveCfg = Debug|Any CPU
		{0FDE49D4-1311-4443-8581-DF11D1711F40}.Debug|Any CPU.Build.0 = Debug|Any CPU
		{0FDE49D4-1311-4443-8581-DF11D1711F40}.Release|Any CPU.ActiveCfg = Release|Any CPU
		{0FDE49D4-1311-4443-8581-DF11D1711F40}.Release|Any CPU.Build.0 = Release|Any CPU
	EndGlobalSection
	GlobalSection(SolutionProperties) = preSolution
		HideSolutionNode = FALSE
	EndGlobalSection
EndGlobal
